// !$*UTF8*$!
{
	archiveVersion = 1;
	classes = {
	};
	objectVersion = 56;
	objects = {

/* Begin PBXBuildFile section */
		408DB672CAB6A2C806F1C866 /* Pods_TwitterCloneTests.framework in Frameworks */ = {isa = PBXBuildFile; fileRef = 280EA2C3EC31A5BABC9B8114 /* Pods_TwitterCloneTests.framework */; };
		872335FB2A07A3FE008D1208 /* TwitterCloneApp.swift in Sources */ = {isa = PBXBuildFile; fileRef = 872335FA2A07A3FE008D1208 /* TwitterCloneApp.swift */; };
		872335FD2A07A3FE008D1208 /* ContentView.swift in Sources */ = {isa = PBXBuildFile; fileRef = 872335FC2A07A3FE008D1208 /* ContentView.swift */; };
		872335FF2A07A3FF008D1208 /* Assets.xcassets in Resources */ = {isa = PBXBuildFile; fileRef = 872335FE2A07A3FF008D1208 /* Assets.xcassets */; };
		872336022A07A3FF008D1208 /* Preview Assets.xcassets in Resources */ = {isa = PBXBuildFile; fileRef = 872336012A07A3FF008D1208 /* Preview Assets.xcassets */; };
		8723360C2A07A3FF008D1208 /* TwitterCloneTests.swift in Sources */ = {isa = PBXBuildFile; fileRef = 8723360B2A07A3FF008D1208 /* TwitterCloneTests.swift */; };
		872336162A07A3FF008D1208 /* TwitterCloneUITests.swift in Sources */ = {isa = PBXBuildFile; fileRef = 872336152A07A3FF008D1208 /* TwitterCloneUITests.swift */; };
		872336182A07A3FF008D1208 /* TwitterCloneUITestsLaunchTests.swift in Sources */ = {isa = PBXBuildFile; fileRef = 872336172A07A3FF008D1208 /* TwitterCloneUITestsLaunchTests.swift */; };
		872336312A07A4CA008D1208 /* Constants.swift in Sources */ = {isa = PBXBuildFile; fileRef = 872336262A07A4CA008D1208 /* Constants.swift */; };
		872336322A07A4CA008D1208 /* Log.swift in Sources */ = {isa = PBXBuildFile; fileRef = 872336272A07A4CA008D1208 /* Log.swift */; };
		872336332A07A4CA008D1208 /* AppColors.swift in Sources */ = {isa = PBXBuildFile; fileRef = 872336282A07A4CA008D1208 /* AppColors.swift */; };
		872336342A07A4CA008D1208 /* CustomErrors.swift in Sources */ = {isa = PBXBuildFile; fileRef = 872336292A07A4CA008D1208 /* CustomErrors.swift */; };
		872336352A07A4CA008D1208 /* NSDictionary+Extension.swift in Sources */ = {isa = PBXBuildFile; fileRef = 8723362B2A07A4CA008D1208 /* NSDictionary+Extension.swift */; };
		872336362A07A4CA008D1208 /* Double+Extension.swift in Sources */ = {isa = PBXBuildFile; fileRef = 8723362C2A07A4CA008D1208 /* Double+Extension.swift */; };
		872336372A07A4CA008D1208 /* String+Extension.swift in Sources */ = {isa = PBXBuildFile; fileRef = 8723362D2A07A4CA008D1208 /* String+Extension.swift */; };
		872336382A07A4CA008D1208 /* View+Extension.swift in Sources */ = {isa = PBXBuildFile; fileRef = 8723362E2A07A4CA008D1208 /* View+Extension.swift */; };
		872336392A07A4CA008D1208 /* Mirror.swift in Sources */ = {isa = PBXBuildFile; fileRef = 8723362F2A07A4CA008D1208 /* Mirror.swift */; };
		8723363A2A07A4CA008D1208 /* AppFonts.swift in Sources */ = {isa = PBXBuildFile; fileRef = 872336302A07A4CA008D1208 /* AppFonts.swift */; };
		8723364F2A07A4FC008D1208 /* SF-Pro-Text-UltralightItalic.otf in Resources */ = {isa = PBXBuildFile; fileRef = 8723363D2A07A4FC008D1208 /* SF-Pro-Text-UltralightItalic.otf */; };
		872336502A07A4FC008D1208 /* SF-Pro-Text-Heavy.otf in Resources */ = {isa = PBXBuildFile; fileRef = 8723363E2A07A4FC008D1208 /* SF-Pro-Text-Heavy.otf */; };
		872336512A07A4FC008D1208 /* SF-Pro-Text-MediumItalic.otf in Resources */ = {isa = PBXBuildFile; fileRef = 8723363F2A07A4FC008D1208 /* SF-Pro-Text-MediumItalic.otf */; };
		872336522A07A4FC008D1208 /* SF-Pro-Text-Light.otf in Resources */ = {isa = PBXBuildFile; fileRef = 872336402A07A4FC008D1208 /* SF-Pro-Text-Light.otf */; };
		872336532A07A4FC008D1208 /* SF-Pro-Text-BlackItalic.otf in Resources */ = {isa = PBXBuildFile; fileRef = 872336412A07A4FC008D1208 /* SF-Pro-Text-BlackItalic.otf */; };
		872336542A07A4FC008D1208 /* SF-Pro-Text-Black.otf in Resources */ = {isa = PBXBuildFile; fileRef = 872336422A07A4FC008D1208 /* SF-Pro-Text-Black.otf */; };
		872336552A07A4FC008D1208 /* SF-Pro-Text-Regular.otf in Resources */ = {isa = PBXBuildFile; fileRef = 872336432A07A4FC008D1208 /* SF-Pro-Text-Regular.otf */; };
		872336562A07A4FC008D1208 /* SF-Pro-Text-Ultralight.otf in Resources */ = {isa = PBXBuildFile; fileRef = 872336442A07A4FC008D1208 /* SF-Pro-Text-Ultralight.otf */; };
		872336572A07A4FC008D1208 /* SF-Pro-Text-Bold.otf in Resources */ = {isa = PBXBuildFile; fileRef = 872336452A07A4FC008D1208 /* SF-Pro-Text-Bold.otf */; };
		872336582A07A4FC008D1208 /* SF-Pro-Text-Thin.otf in Resources */ = {isa = PBXBuildFile; fileRef = 872336462A07A4FC008D1208 /* SF-Pro-Text-Thin.otf */; };
		872336592A07A4FC008D1208 /* SF-Pro-Text-ThinItalic.otf in Resources */ = {isa = PBXBuildFile; fileRef = 872336472A07A4FC008D1208 /* SF-Pro-Text-ThinItalic.otf */; };
		8723365A2A07A4FC008D1208 /* SF-Pro-Text-BoldItalic.otf in Resources */ = {isa = PBXBuildFile; fileRef = 872336482A07A4FC008D1208 /* SF-Pro-Text-BoldItalic.otf */; };
		8723365B2A07A4FC008D1208 /* SF-Pro-Text-RegularItalic.otf in Resources */ = {isa = PBXBuildFile; fileRef = 872336492A07A4FC008D1208 /* SF-Pro-Text-RegularItalic.otf */; };
		8723365C2A07A4FC008D1208 /* SF-Pro-Text-Semibold.otf in Resources */ = {isa = PBXBuildFile; fileRef = 8723364A2A07A4FC008D1208 /* SF-Pro-Text-Semibold.otf */; };
		8723365D2A07A4FC008D1208 /* SF-Pro-Text-HeavyItalic.otf in Resources */ = {isa = PBXBuildFile; fileRef = 8723364B2A07A4FC008D1208 /* SF-Pro-Text-HeavyItalic.otf */; };
		8723365E2A07A4FC008D1208 /* SF-Pro-Text-LightItalic.otf in Resources */ = {isa = PBXBuildFile; fileRef = 8723364C2A07A4FC008D1208 /* SF-Pro-Text-LightItalic.otf */; };
		8723365F2A07A4FC008D1208 /* SF-Pro-Text-Medium.otf in Resources */ = {isa = PBXBuildFile; fileRef = 8723364D2A07A4FC008D1208 /* SF-Pro-Text-Medium.otf */; };
		872336602A07A4FC008D1208 /* SF-Pro-Text-SemiboldItalic.otf in Resources */ = {isa = PBXBuildFile; fileRef = 8723364E2A07A4FC008D1208 /* SF-Pro-Text-SemiboldItalic.otf */; };
		879ADCEE54365CF76E0C05CB /* Pods_TwitterClone.framework in Frameworks */ = {isa = PBXBuildFile; fileRef = 4FE0B7069827FEF3C87DF2B1 /* Pods_TwitterClone.framework */; };
		F4667C5BBAA49C45282DBFD3 /* Pods_TwitterClone_TwitterCloneUITests.framework in Frameworks */ = {isa = PBXBuildFile; fileRef = 12E34FEE9C55E78719AEFCED /* Pods_TwitterClone_TwitterCloneUITests.framework */; };
/* End PBXBuildFile section */

/* Begin PBXContainerItemProxy section */
		872336082A07A3FF008D1208 /* PBXContainerItemProxy */ = {
			isa = PBXContainerItemProxy;
			containerPortal = 872335EF2A07A3FE008D1208 /* Project object */;
			proxyType = 1;
			remoteGlobalIDString = 872335F62A07A3FE008D1208;
			remoteInfo = TwitterClone;
		};
		872336122A07A3FF008D1208 /* PBXContainerItemProxy */ = {
			isa = PBXContainerItemProxy;
			containerPortal = 872335EF2A07A3FE008D1208 /* Project object */;
			proxyType = 1;
			remoteGlobalIDString = 872335F62A07A3FE008D1208;
			remoteInfo = TwitterClone;
		};
/* End PBXContainerItemProxy section */

/* Begin PBXFileReference section */
		0163247956F7D44900D994FC /* Pods-TwitterCloneTests.debug.xcconfig */ = {isa = PBXFileReference; includeInIndex = 1; lastKnownFileType = text.xcconfig; name = "Pods-TwitterCloneTests.debug.xcconfig"; path = "Target Support Files/Pods-TwitterCloneTests/Pods-TwitterCloneTests.debug.xcconfig"; sourceTree = "<group>"; };
		0B19AC2663B7FE9DAE05EABE /* Pods-TwitterClone.release.xcconfig */ = {isa = PBXFileReference; includeInIndex = 1; lastKnownFileType = text.xcconfig; name = "Pods-TwitterClone.release.xcconfig"; path = "Target Support Files/Pods-TwitterClone/Pods-TwitterClone.release.xcconfig"; sourceTree = "<group>"; };
		12E34FEE9C55E78719AEFCED /* Pods_TwitterClone_TwitterCloneUITests.framework */ = {isa = PBXFileReference; explicitFileType = wrapper.framework; includeInIndex = 0; path = Pods_TwitterClone_TwitterCloneUITests.framework; sourceTree = BUILT_PRODUCTS_DIR; };
		2673931CFA7011AB3B592BA3 /* Pods-TwitterCloneTests.release.xcconfig */ = {isa = PBXFileReference; includeInIndex = 1; lastKnownFileType = text.xcconfig; name = "Pods-TwitterCloneTests.release.xcconfig"; path = "Target Support Files/Pods-TwitterCloneTests/Pods-TwitterCloneTests.release.xcconfig"; sourceTree = "<group>"; };
		280EA2C3EC31A5BABC9B8114 /* Pods_TwitterCloneTests.framework */ = {isa = PBXFileReference; explicitFileType = wrapper.framework; includeInIndex = 0; path = Pods_TwitterCloneTests.framework; sourceTree = BUILT_PRODUCTS_DIR; };
		4FE0B7069827FEF3C87DF2B1 /* Pods_TwitterClone.framework */ = {isa = PBXFileReference; explicitFileType = wrapper.framework; includeInIndex = 0; path = Pods_TwitterClone.framework; sourceTree = BUILT_PRODUCTS_DIR; };
		6D28A7E41D5FFAFCC949ECA9 /* Pods-TwitterClone-TwitterCloneUITests.release.xcconfig */ = {isa = PBXFileReference; includeInIndex = 1; lastKnownFileType = text.xcconfig; name = "Pods-TwitterClone-TwitterCloneUITests.release.xcconfig"; path = "Target Support Files/Pods-TwitterClone-TwitterCloneUITests/Pods-TwitterClone-TwitterCloneUITests.release.xcconfig"; sourceTree = "<group>"; };
		872335F72A07A3FE008D1208 /* TwitterClone.app */ = {isa = PBXFileReference; explicitFileType = wrapper.application; includeInIndex = 0; path = TwitterClone.app; sourceTree = BUILT_PRODUCTS_DIR; };
		872335FA2A07A3FE008D1208 /* TwitterCloneApp.swift */ = {isa = PBXFileReference; lastKnownFileType = sourcecode.swift; path = TwitterCloneApp.swift; sourceTree = "<group>"; };
		872335FC2A07A3FE008D1208 /* ContentView.swift */ = {isa = PBXFileReference; lastKnownFileType = sourcecode.swift; path = ContentView.swift; sourceTree = "<group>"; };
		872335FE2A07A3FF008D1208 /* Assets.xcassets */ = {isa = PBXFileReference; lastKnownFileType = folder.assetcatalog; path = Assets.xcassets; sourceTree = "<group>"; };
		872336012A07A3FF008D1208 /* Preview Assets.xcassets */ = {isa = PBXFileReference; lastKnownFileType = folder.assetcatalog; path = "Preview Assets.xcassets"; sourceTree = "<group>"; };
		872336072A07A3FF008D1208 /* TwitterCloneTests.xctest */ = {isa = PBXFileReference; explicitFileType = wrapper.cfbundle; includeInIndex = 0; path = TwitterCloneTests.xctest; sourceTree = BUILT_PRODUCTS_DIR; };
		8723360B2A07A3FF008D1208 /* TwitterCloneTests.swift */ = {isa = PBXFileReference; lastKnownFileType = sourcecode.swift; path = TwitterCloneTests.swift; sourceTree = "<group>"; };
		872336112A07A3FF008D1208 /* TwitterCloneUITests.xctest */ = {isa = PBXFileReference; explicitFileType = wrapper.cfbundle; includeInIndex = 0; path = TwitterCloneUITests.xctest; sourceTree = BUILT_PRODUCTS_DIR; };
		872336152A07A3FF008D1208 /* TwitterCloneUITests.swift */ = {isa = PBXFileReference; lastKnownFileType = sourcecode.swift; path = TwitterCloneUITests.swift; sourceTree = "<group>"; };
		872336172A07A3FF008D1208 /* TwitterCloneUITestsLaunchTests.swift */ = {isa = PBXFileReference; lastKnownFileType = sourcecode.swift; path = TwitterCloneUITestsLaunchTests.swift; sourceTree = "<group>"; };
		872336262A07A4CA008D1208 /* Constants.swift */ = {isa = PBXFileReference; fileEncoding = 4; lastKnownFileType = sourcecode.swift; path = Constants.swift; sourceTree = "<group>"; };
		872336272A07A4CA008D1208 /* Log.swift */ = {isa = PBXFileReference; fileEncoding = 4; lastKnownFileType = sourcecode.swift; path = Log.swift; sourceTree = "<group>"; };
		872336282A07A4CA008D1208 /* AppColors.swift */ = {isa = PBXFileReference; fileEncoding = 4; lastKnownFileType = sourcecode.swift; path = AppColors.swift; sourceTree = "<group>"; };
		872336292A07A4CA008D1208 /* CustomErrors.swift */ = {isa = PBXFileReference; fileEncoding = 4; lastKnownFileType = sourcecode.swift; path = CustomErrors.swift; sourceTree = "<group>"; };
		8723362B2A07A4CA008D1208 /* NSDictionary+Extension.swift */ = {isa = PBXFileReference; fileEncoding = 4; lastKnownFileType = sourcecode.swift; path = "NSDictionary+Extension.swift"; sourceTree = "<group>"; };
		8723362C2A07A4CA008D1208 /* Double+Extension.swift */ = {isa = PBXFileReference; fileEncoding = 4; lastKnownFileType = sourcecode.swift; path = "Double+Extension.swift"; sourceTree = "<group>"; };
		8723362D2A07A4CA008D1208 /* String+Extension.swift */ = {isa = PBXFileReference; fileEncoding = 4; lastKnownFileType = sourcecode.swift; path = "String+Extension.swift"; sourceTree = "<group>"; };
		8723362E2A07A4CA008D1208 /* View+Extension.swift */ = {isa = PBXFileReference; fileEncoding = 4; lastKnownFileType = sourcecode.swift; path = "View+Extension.swift"; sourceTree = "<group>"; };
		8723362F2A07A4CA008D1208 /* Mirror.swift */ = {isa = PBXFileReference; fileEncoding = 4; lastKnownFileType = sourcecode.swift; path = Mirror.swift; sourceTree = "<group>"; };
		872336302A07A4CA008D1208 /* AppFonts.swift */ = {isa = PBXFileReference; fileEncoding = 4; lastKnownFileType = sourcecode.swift; path = AppFonts.swift; sourceTree = "<group>"; };
		8723363D2A07A4FC008D1208 /* SF-Pro-Text-UltralightItalic.otf */ = {isa = PBXFileReference; lastKnownFileType = file; path = "SF-Pro-Text-UltralightItalic.otf"; sourceTree = "<group>"; };
		8723363E2A07A4FC008D1208 /* SF-Pro-Text-Heavy.otf */ = {isa = PBXFileReference; lastKnownFileType = file; path = "SF-Pro-Text-Heavy.otf"; sourceTree = "<group>"; };
		8723363F2A07A4FC008D1208 /* SF-Pro-Text-MediumItalic.otf */ = {isa = PBXFileReference; lastKnownFileType = file; path = "SF-Pro-Text-MediumItalic.otf"; sourceTree = "<group>"; };
		872336402A07A4FC008D1208 /* SF-Pro-Text-Light.otf */ = {isa = PBXFileReference; lastKnownFileType = file; path = "SF-Pro-Text-Light.otf"; sourceTree = "<group>"; };
		872336412A07A4FC008D1208 /* SF-Pro-Text-BlackItalic.otf */ = {isa = PBXFileReference; lastKnownFileType = file; path = "SF-Pro-Text-BlackItalic.otf"; sourceTree = "<group>"; };
		872336422A07A4FC008D1208 /* SF-Pro-Text-Black.otf */ = {isa = PBXFileReference; lastKnownFileType = file; path = "SF-Pro-Text-Black.otf"; sourceTree = "<group>"; };
		872336432A07A4FC008D1208 /* SF-Pro-Text-Regular.otf */ = {isa = PBXFileReference; lastKnownFileType = file; path = "SF-Pro-Text-Regular.otf"; sourceTree = "<group>"; };
		872336442A07A4FC008D1208 /* SF-Pro-Text-Ultralight.otf */ = {isa = PBXFileReference; lastKnownFileType = file; path = "SF-Pro-Text-Ultralight.otf"; sourceTree = "<group>"; };
		872336452A07A4FC008D1208 /* SF-Pro-Text-Bold.otf */ = {isa = PBXFileReference; lastKnownFileType = file; path = "SF-Pro-Text-Bold.otf"; sourceTree = "<group>"; };
		872336462A07A4FC008D1208 /* SF-Pro-Text-Thin.otf */ = {isa = PBXFileReference; lastKnownFileType = file; path = "SF-Pro-Text-Thin.otf"; sourceTree = "<group>"; };
		872336472A07A4FC008D1208 /* SF-Pro-Text-ThinItalic.otf */ = {isa = PBXFileReference; lastKnownFileType = file; path = "SF-Pro-Text-ThinItalic.otf"; sourceTree = "<group>"; };
		872336482A07A4FC008D1208 /* SF-Pro-Text-BoldItalic.otf */ = {isa = PBXFileReference; lastKnownFileType = file; path = "SF-Pro-Text-BoldItalic.otf"; sourceTree = "<group>"; };
		872336492A07A4FC008D1208 /* SF-Pro-Text-RegularItalic.otf */ = {isa = PBXFileReference; lastKnownFileType = file; path = "SF-Pro-Text-RegularItalic.otf"; sourceTree = "<group>"; };
		8723364A2A07A4FC008D1208 /* SF-Pro-Text-Semibold.otf */ = {isa = PBXFileReference; lastKnownFileType = file; path = "SF-Pro-Text-Semibold.otf"; sourceTree = "<group>"; };
		8723364B2A07A4FC008D1208 /* SF-Pro-Text-HeavyItalic.otf */ = {isa = PBXFileReference; lastKnownFileType = file; path = "SF-Pro-Text-HeavyItalic.otf"; sourceTree = "<group>"; };
		8723364C2A07A4FC008D1208 /* SF-Pro-Text-LightItalic.otf */ = {isa = PBXFileReference; lastKnownFileType = file; path = "SF-Pro-Text-LightItalic.otf"; sourceTree = "<group>"; };
		8723364D2A07A4FC008D1208 /* SF-Pro-Text-Medium.otf */ = {isa = PBXFileReference; lastKnownFileType = file; path = "SF-Pro-Text-Medium.otf"; sourceTree = "<group>"; };
		8723364E2A07A4FC008D1208 /* SF-Pro-Text-SemiboldItalic.otf */ = {isa = PBXFileReference; lastKnownFileType = file; path = "SF-Pro-Text-SemiboldItalic.otf"; sourceTree = "<group>"; };
		872336612A07A5B3008D1208 /* Info.plist */ = {isa = PBXFileReference; lastKnownFileType = text.plist; path = Info.plist; sourceTree = "<group>"; };
		9B0BBBB3FE4DB7605246E87D /* Pods-TwitterClone-TwitterCloneUITests.debug.xcconfig */ = {isa = PBXFileReference; includeInIndex = 1; lastKnownFileType = text.xcconfig; name = "Pods-TwitterClone-TwitterCloneUITests.debug.xcconfig"; path = "Target Support Files/Pods-TwitterClone-TwitterCloneUITests/Pods-TwitterClone-TwitterCloneUITests.debug.xcconfig"; sourceTree = "<group>"; };
		F807ABD9A221681FAE5A5151 /* Pods-TwitterClone.debug.xcconfig */ = {isa = PBXFileReference; includeInIndex = 1; lastKnownFileType = text.xcconfig; name = "Pods-TwitterClone.debug.xcconfig"; path = "Target Support Files/Pods-TwitterClone/Pods-TwitterClone.debug.xcconfig"; sourceTree = "<group>"; };
/* End PBXFileReference section */

/* Begin PBXFrameworksBuildPhase section */
		872335F42A07A3FE008D1208 /* Frameworks */ = {
			isa = PBXFrameworksBuildPhase;
			buildActionMask = 2147483647;
			files = (
				879ADCEE54365CF76E0C05CB /* Pods_TwitterClone.framework in Frameworks */,
			);
			runOnlyForDeploymentPostprocessing = 0;
		};
		872336042A07A3FF008D1208 /* Frameworks */ = {
			isa = PBXFrameworksBuildPhase;
			buildActionMask = 2147483647;
			files = (
				408DB672CAB6A2C806F1C866 /* Pods_TwitterCloneTests.framework in Frameworks */,
			);
			runOnlyForDeploymentPostprocessing = 0;
		};
		8723360E2A07A3FF008D1208 /* Frameworks */ = {
			isa = PBXFrameworksBuildPhase;
			buildActionMask = 2147483647;
			files = (
				F4667C5BBAA49C45282DBFD3 /* Pods_TwitterClone_TwitterCloneUITests.framework in Frameworks */,
			);
			runOnlyForDeploymentPostprocessing = 0;
		};
/* End PBXFrameworksBuildPhase section */

/* Begin PBXGroup section */
		67B68D2A3A1A7F6E0385CD1D /* Frameworks */ = {
			isa = PBXGroup;
			children = (
				4FE0B7069827FEF3C87DF2B1 /* Pods_TwitterClone.framework */,
				12E34FEE9C55E78719AEFCED /* Pods_TwitterClone_TwitterCloneUITests.framework */,
				280EA2C3EC31A5BABC9B8114 /* Pods_TwitterCloneTests.framework */,
			);
			name = Frameworks;
			sourceTree = "<group>";
		};
		6E513C0DA4982D7152E1EAC3 /* Pods */ = {
			isa = PBXGroup;
			children = (
				F807ABD9A221681FAE5A5151 /* Pods-TwitterClone.debug.xcconfig */,
				0B19AC2663B7FE9DAE05EABE /* Pods-TwitterClone.release.xcconfig */,
				9B0BBBB3FE4DB7605246E87D /* Pods-TwitterClone-TwitterCloneUITests.debug.xcconfig */,
				6D28A7E41D5FFAFCC949ECA9 /* Pods-TwitterClone-TwitterCloneUITests.release.xcconfig */,
				0163247956F7D44900D994FC /* Pods-TwitterCloneTests.debug.xcconfig */,
				2673931CFA7011AB3B592BA3 /* Pods-TwitterCloneTests.release.xcconfig */,
			);
			path = Pods;
			sourceTree = "<group>";
		};
		872335EE2A07A3FE008D1208 = {
			isa = PBXGroup;
			children = (
				872335F92A07A3FE008D1208 /* TwitterClone */,
				8723360A2A07A3FF008D1208 /* TwitterCloneTests */,
				872336142A07A3FF008D1208 /* TwitterCloneUITests */,
				872335F82A07A3FE008D1208 /* Products */,
				6E513C0DA4982D7152E1EAC3 /* Pods */,
				67B68D2A3A1A7F6E0385CD1D /* Frameworks */,
			);
			sourceTree = "<group>";
		};
		872335F82A07A3FE008D1208 /* Products */ = {
			isa = PBXGroup;
			children = (
				872335F72A07A3FE008D1208 /* TwitterClone.app */,
				872336072A07A3FF008D1208 /* TwitterCloneTests.xctest */,
				872336112A07A3FF008D1208 /* TwitterCloneUITests.xctest */,
			);
			name = Products;
			sourceTree = "<group>";
		};
		872335F92A07A3FE008D1208 /* TwitterClone */ = {
			isa = PBXGroup;
			children = (
				872336612A07A5B3008D1208 /* Info.plist */,
				872336242A07A49F008D1208 /* AppLifeCycle */,
				872336642A07A63A008D1208 /* Model */,
				872336632A07A630008D1208 /* View */,
				872336622A07A625008D1208 /* ViewModel */,
				872336252A07A4CA008D1208 /* Utility */,
				8723363B2A07A4D3008D1208 /* Resources */,
				872336002A07A3FF008D1208 /* Preview Content */,
			);
			path = TwitterClone;
			sourceTree = "<group>";
		};
		872336002A07A3FF008D1208 /* Preview Content */ = {
			isa = PBXGroup;
			children = (
				872336012A07A3FF008D1208 /* Preview Assets.xcassets */,
			);
			path = "Preview Content";
			sourceTree = "<group>";
		};
		8723360A2A07A3FF008D1208 /* TwitterCloneTests */ = {
			isa = PBXGroup;
			children = (
				8723360B2A07A3FF008D1208 /* TwitterCloneTests.swift */,
			);
			path = TwitterCloneTests;
			sourceTree = "<group>";
		};
		872336142A07A3FF008D1208 /* TwitterCloneUITests */ = {
			isa = PBXGroup;
			children = (
				872336152A07A3FF008D1208 /* TwitterCloneUITests.swift */,
				872336172A07A3FF008D1208 /* TwitterCloneUITestsLaunchTests.swift */,
			);
			path = TwitterCloneUITests;
			sourceTree = "<group>";
		};
		872336242A07A49F008D1208 /* AppLifeCycle */ = {
			isa = PBXGroup;
			children = (
				872335FA2A07A3FE008D1208 /* TwitterCloneApp.swift */,
				872335FC2A07A3FE008D1208 /* ContentView.swift */,
			);
			path = AppLifeCycle;
			sourceTree = "<group>";
		};
		872336252A07A4CA008D1208 /* Utility */ = {
			isa = PBXGroup;
			children = (
				8723362A2A07A4CA008D1208 /* Extensions */,
				872336262A07A4CA008D1208 /* Constants.swift */,
				872336272A07A4CA008D1208 /* Log.swift */,
				872336282A07A4CA008D1208 /* AppColors.swift */,
				872336292A07A4CA008D1208 /* CustomErrors.swift */,
				8723362F2A07A4CA008D1208 /* Mirror.swift */,
				872336302A07A4CA008D1208 /* AppFonts.swift */,
			);
			path = Utility;
			sourceTree = "<group>";
		};
		8723362A2A07A4CA008D1208 /* Extensions */ = {
			isa = PBXGroup;
			children = (
				8723362B2A07A4CA008D1208 /* NSDictionary+Extension.swift */,
				8723362C2A07A4CA008D1208 /* Double+Extension.swift */,
				8723362D2A07A4CA008D1208 /* String+Extension.swift */,
				8723362E2A07A4CA008D1208 /* View+Extension.swift */,
			);
			path = Extensions;
			sourceTree = "<group>";
		};
		8723363B2A07A4D3008D1208 /* Resources */ = {
			isa = PBXGroup;
			children = (
				8723363C2A07A4FC008D1208 /* Fonts */,
				872335FE2A07A3FF008D1208 /* Assets.xcassets */,
			);
			path = Resources;
			sourceTree = "<group>";
		};
		8723363C2A07A4FC008D1208 /* Fonts */ = {
			isa = PBXGroup;
			children = (
				8723363D2A07A4FC008D1208 /* SF-Pro-Text-UltralightItalic.otf */,
				8723363E2A07A4FC008D1208 /* SF-Pro-Text-Heavy.otf */,
				8723363F2A07A4FC008D1208 /* SF-Pro-Text-MediumItalic.otf */,
				872336402A07A4FC008D1208 /* SF-Pro-Text-Light.otf */,
				872336412A07A4FC008D1208 /* SF-Pro-Text-BlackItalic.otf */,
				872336422A07A4FC008D1208 /* SF-Pro-Text-Black.otf */,
				872336432A07A4FC008D1208 /* SF-Pro-Text-Regular.otf */,
				872336442A07A4FC008D1208 /* SF-Pro-Text-Ultralight.otf */,
				872336452A07A4FC008D1208 /* SF-Pro-Text-Bold.otf */,
				872336462A07A4FC008D1208 /* SF-Pro-Text-Thin.otf */,
				872336472A07A4FC008D1208 /* SF-Pro-Text-ThinItalic.otf */,
				872336482A07A4FC008D1208 /* SF-Pro-Text-BoldItalic.otf */,
				872336492A07A4FC008D1208 /* SF-Pro-Text-RegularItalic.otf */,
				8723364A2A07A4FC008D1208 /* SF-Pro-Text-Semibold.otf */,
				8723364B2A07A4FC008D1208 /* SF-Pro-Text-HeavyItalic.otf */,
				8723364C2A07A4FC008D1208 /* SF-Pro-Text-LightItalic.otf */,
				8723364D2A07A4FC008D1208 /* SF-Pro-Text-Medium.otf */,
				8723364E2A07A4FC008D1208 /* SF-Pro-Text-SemiboldItalic.otf */,
			);
			path = Fonts;
			sourceTree = "<group>";
		};
		872336622A07A625008D1208 /* ViewModel */ = {
			isa = PBXGroup;
			children = (
			);
			path = ViewModel;
			sourceTree = "<group>";
		};
		872336632A07A630008D1208 /* View */ = {
			isa = PBXGroup;
			children = (
			);
			path = View;
			sourceTree = "<group>";
		};
		872336642A07A63A008D1208 /* Model */ = {
			isa = PBXGroup;
			children = (
			);
			path = Model;
			sourceTree = "<group>";
		};
/* End PBXGroup section */

/* Begin PBXNativeTarget section */
		872335F62A07A3FE008D1208 /* TwitterClone */ = {
			isa = PBXNativeTarget;
			buildConfigurationList = 8723361B2A07A3FF008D1208 /* Build configuration list for PBXNativeTarget "TwitterClone" */;
			buildPhases = (
				AE37CE65198E258354B2EB27 /* [CP] Check Pods Manifest.lock */,
				872335F32A07A3FE008D1208 /* Sources */,
				872335F42A07A3FE008D1208 /* Frameworks */,
				872335F52A07A3FE008D1208 /* Resources */,
				95086C610446C4F3AC05C705 /* [CP] Embed Pods Frameworks */,
			);
			buildRules = (
			);
			dependencies = (
			);
			name = TwitterClone;
			productName = TwitterClone;
			productReference = 872335F72A07A3FE008D1208 /* TwitterClone.app */;
			productType = "com.apple.product-type.application";
		};
		872336062A07A3FF008D1208 /* TwitterCloneTests */ = {
			isa = PBXNativeTarget;
			buildConfigurationList = 8723361E2A07A3FF008D1208 /* Build configuration list for PBXNativeTarget "TwitterCloneTests" */;
			buildPhases = (
				ABF1CDD379C6FEEDDE905CB5 /* [CP] Check Pods Manifest.lock */,
				872336032A07A3FF008D1208 /* Sources */,
				872336042A07A3FF008D1208 /* Frameworks */,
				872336052A07A3FF008D1208 /* Resources */,
			);
			buildRules = (
			);
			dependencies = (
				872336092A07A3FF008D1208 /* PBXTargetDependency */,
			);
			name = TwitterCloneTests;
			productName = TwitterCloneTests;
			productReference = 872336072A07A3FF008D1208 /* TwitterCloneTests.xctest */;
			productType = "com.apple.product-type.bundle.unit-test";
		};
		872336102A07A3FF008D1208 /* TwitterCloneUITests */ = {
			isa = PBXNativeTarget;
			buildConfigurationList = 872336212A07A3FF008D1208 /* Build configuration list for PBXNativeTarget "TwitterCloneUITests" */;
			buildPhases = (
				F61126E3C84FB0EB3E6354EB /* [CP] Check Pods Manifest.lock */,
				8723360D2A07A3FF008D1208 /* Sources */,
				8723360E2A07A3FF008D1208 /* Frameworks */,
				8723360F2A07A3FF008D1208 /* Resources */,
				833C6268C46135AF689C92B6 /* [CP] Embed Pods Frameworks */,
			);
			buildRules = (
			);
			dependencies = (
				872336132A07A3FF008D1208 /* PBXTargetDependency */,
			);
			name = TwitterCloneUITests;
			productName = TwitterCloneUITests;
			productReference = 872336112A07A3FF008D1208 /* TwitterCloneUITests.xctest */;
			productType = "com.apple.product-type.bundle.ui-testing";
		};
/* End PBXNativeTarget section */

/* Begin PBXProject section */
		872335EF2A07A3FE008D1208 /* Project object */ = {
			isa = PBXProject;
			attributes = {
				BuildIndependentTargetsInParallel = 1;
				LastSwiftUpdateCheck = 1430;
				LastUpgradeCheck = 1430;
				TargetAttributes = {
					872335F62A07A3FE008D1208 = {
						CreatedOnToolsVersion = 14.3;
					};
					872336062A07A3FF008D1208 = {
						CreatedOnToolsVersion = 14.3;
						TestTargetID = 872335F62A07A3FE008D1208;
					};
					872336102A07A3FF008D1208 = {
						CreatedOnToolsVersion = 14.3;
						TestTargetID = 872335F62A07A3FE008D1208;
					};
				};
			};
			buildConfigurationList = 872335F22A07A3FE008D1208 /* Build configuration list for PBXProject "TwitterClone" */;
			compatibilityVersion = "Xcode 14.0";
			developmentRegion = en;
			hasScannedForEncodings = 0;
			knownRegions = (
				en,
				Base,
			);
			mainGroup = 872335EE2A07A3FE008D1208;
			productRefGroup = 872335F82A07A3FE008D1208 /* Products */;
			projectDirPath = "";
			projectRoot = "";
			targets = (
				872335F62A07A3FE008D1208 /* TwitterClone */,
				872336062A07A3FF008D1208 /* TwitterCloneTests */,
				872336102A07A3FF008D1208 /* TwitterCloneUITests */,
			);
		};
/* End PBXProject section */

/* Begin PBXResourcesBuildPhase section */
		872335F52A07A3FE008D1208 /* Resources */ = {
			isa = PBXResourcesBuildPhase;
			buildActionMask = 2147483647;
			files = (
				872336512A07A4FC008D1208 /* SF-Pro-Text-MediumItalic.otf in Resources */,
				872336592A07A4FC008D1208 /* SF-Pro-Text-ThinItalic.otf in Resources */,
				8723364F2A07A4FC008D1208 /* SF-Pro-Text-UltralightItalic.otf in Resources */,
				872336522A07A4FC008D1208 /* SF-Pro-Text-Light.otf in Resources */,
				872336602A07A4FC008D1208 /* SF-Pro-Text-SemiboldItalic.otf in Resources */,
				8723365C2A07A4FC008D1208 /* SF-Pro-Text-Semibold.otf in Resources */,
				872336022A07A3FF008D1208 /* Preview Assets.xcassets in Resources */,
				872335FF2A07A3FF008D1208 /* Assets.xcassets in Resources */,
				872336572A07A4FC008D1208 /* SF-Pro-Text-Bold.otf in Resources */,
				8723365B2A07A4FC008D1208 /* SF-Pro-Text-RegularItalic.otf in Resources */,
				872336502A07A4FC008D1208 /* SF-Pro-Text-Heavy.otf in Resources */,
				8723365E2A07A4FC008D1208 /* SF-Pro-Text-LightItalic.otf in Resources */,
				8723365A2A07A4FC008D1208 /* SF-Pro-Text-BoldItalic.otf in Resources */,
				872336552A07A4FC008D1208 /* SF-Pro-Text-Regular.otf in Resources */,
				872336582A07A4FC008D1208 /* SF-Pro-Text-Thin.otf in Resources */,
				872336532A07A4FC008D1208 /* SF-Pro-Text-BlackItalic.otf in Resources */,
				872336542A07A4FC008D1208 /* SF-Pro-Text-Black.otf in Resources */,
				872336562A07A4FC008D1208 /* SF-Pro-Text-Ultralight.otf in Resources */,
				8723365F2A07A4FC008D1208 /* SF-Pro-Text-Medium.otf in Resources */,
				8723365D2A07A4FC008D1208 /* SF-Pro-Text-HeavyItalic.otf in Resources */,
			);
			runOnlyForDeploymentPostprocessing = 0;
		};
		872336052A07A3FF008D1208 /* Resources */ = {
			isa = PBXResourcesBuildPhase;
			buildActionMask = 2147483647;
			files = (
			);
			runOnlyForDeploymentPostprocessing = 0;
		};
		8723360F2A07A3FF008D1208 /* Resources */ = {
			isa = PBXResourcesBuildPhase;
			buildActionMask = 2147483647;
			files = (
			);
			runOnlyForDeploymentPostprocessing = 0;
		};
/* End PBXResourcesBuildPhase section */

/* Begin PBXShellScriptBuildPhase section */
		833C6268C46135AF689C92B6 /* [CP] Embed Pods Frameworks */ = {
			isa = PBXShellScriptBuildPhase;
			buildActionMask = 2147483647;
			files = (
			);
			inputFileListPaths = (
				"${PODS_ROOT}/Target Support Files/Pods-TwitterClone-TwitterCloneUITests/Pods-TwitterClone-TwitterCloneUITests-frameworks-${CONFIGURATION}-input-files.xcfilelist",
			);
			name = "[CP] Embed Pods Frameworks";
			outputFileListPaths = (
				"${PODS_ROOT}/Target Support Files/Pods-TwitterClone-TwitterCloneUITests/Pods-TwitterClone-TwitterCloneUITests-frameworks-${CONFIGURATION}-output-files.xcfilelist",
			);
			runOnlyForDeploymentPostprocessing = 0;
			shellPath = /bin/sh;
			shellScript = "\"${PODS_ROOT}/Target Support Files/Pods-TwitterClone-TwitterCloneUITests/Pods-TwitterClone-TwitterCloneUITests-frameworks.sh\"\n";
			showEnvVarsInLog = 0;
		};
		95086C610446C4F3AC05C705 /* [CP] Embed Pods Frameworks */ = {
			isa = PBXShellScriptBuildPhase;
			buildActionMask = 2147483647;
			files = (
			);
			inputFileListPaths = (
				"${PODS_ROOT}/Target Support Files/Pods-TwitterClone/Pods-TwitterClone-frameworks-${CONFIGURATION}-input-files.xcfilelist",
			);
			name = "[CP] Embed Pods Frameworks";
			outputFileListPaths = (
				"${PODS_ROOT}/Target Support Files/Pods-TwitterClone/Pods-TwitterClone-frameworks-${CONFIGURATION}-output-files.xcfilelist",
			);
			runOnlyForDeploymentPostprocessing = 0;
			shellPath = /bin/sh;
			shellScript = "\"${PODS_ROOT}/Target Support Files/Pods-TwitterClone/Pods-TwitterClone-frameworks.sh\"\n";
			showEnvVarsInLog = 0;
		};
		ABF1CDD379C6FEEDDE905CB5 /* [CP] Check Pods Manifest.lock */ = {
			isa = PBXShellScriptBuildPhase;
			buildActionMask = 2147483647;
			files = (
			);
			inputFileListPaths = (
			);
			inputPaths = (
				"${PODS_PODFILE_DIR_PATH}/Podfile.lock",
				"${PODS_ROOT}/Manifest.lock",
			);
			name = "[CP] Check Pods Manifest.lock";
			outputFileListPaths = (
			);
			outputPaths = (
				"$(DERIVED_FILE_DIR)/Pods-TwitterCloneTests-checkManifestLockResult.txt",
			);
			runOnlyForDeploymentPostprocessing = 0;
			shellPath = /bin/sh;
			shellScript = "diff \"${PODS_PODFILE_DIR_PATH}/Podfile.lock\" \"${PODS_ROOT}/Manifest.lock\" > /dev/null\nif [ $? != 0 ] ; then\n    # print error to STDERR\n    echo \"error: The sandbox is not in sync with the Podfile.lock. Run 'pod install' or update your CocoaPods installation.\" >&2\n    exit 1\nfi\n# This output is used by Xcode 'outputs' to avoid re-running this script phase.\necho \"SUCCESS\" > \"${SCRIPT_OUTPUT_FILE_0}\"\n";
			showEnvVarsInLog = 0;
		};
		AE37CE65198E258354B2EB27 /* [CP] Check Pods Manifest.lock */ = {
			isa = PBXShellScriptBuildPhase;
			buildActionMask = 2147483647;
			files = (
			);
			inputFileListPaths = (
			);
			inputPaths = (
				"${PODS_PODFILE_DIR_PATH}/Podfile.lock",
				"${PODS_ROOT}/Manifest.lock",
			);
			name = "[CP] Check Pods Manifest.lock";
			outputFileListPaths = (
			);
			outputPaths = (
				"$(DERIVED_FILE_DIR)/Pods-TwitterClone-checkManifestLockResult.txt",
			);
			runOnlyForDeploymentPostprocessing = 0;
			shellPath = /bin/sh;
			shellScript = "diff \"${PODS_PODFILE_DIR_PATH}/Podfile.lock\" \"${PODS_ROOT}/Manifest.lock\" > /dev/null\nif [ $? != 0 ] ; then\n    # print error to STDERR\n    echo \"error: The sandbox is not in sync with the Podfile.lock. Run 'pod install' or update your CocoaPods installation.\" >&2\n    exit 1\nfi\n# This output is used by Xcode 'outputs' to avoid re-running this script phase.\necho \"SUCCESS\" > \"${SCRIPT_OUTPUT_FILE_0}\"\n";
			showEnvVarsInLog = 0;
		};
		F61126E3C84FB0EB3E6354EB /* [CP] Check Pods Manifest.lock */ = {
			isa = PBXShellScriptBuildPhase;
			buildActionMask = 2147483647;
			files = (
			);
			inputFileListPaths = (
			);
			inputPaths = (
				"${PODS_PODFILE_DIR_PATH}/Podfile.lock",
				"${PODS_ROOT}/Manifest.lock",
			);
			name = "[CP] Check Pods Manifest.lock";
			outputFileListPaths = (
			);
			outputPaths = (
				"$(DERIVED_FILE_DIR)/Pods-TwitterClone-TwitterCloneUITests-checkManifestLockResult.txt",
			);
			runOnlyForDeploymentPostprocessing = 0;
			shellPath = /bin/sh;
			shellScript = "diff \"${PODS_PODFILE_DIR_PATH}/Podfile.lock\" \"${PODS_ROOT}/Manifest.lock\" > /dev/null\nif [ $? != 0 ] ; then\n    # print error to STDERR\n    echo \"error: The sandbox is not in sync with the Podfile.lock. Run 'pod install' or update your CocoaPods installation.\" >&2\n    exit 1\nfi\n# This output is used by Xcode 'outputs' to avoid re-running this script phase.\necho \"SUCCESS\" > \"${SCRIPT_OUTPUT_FILE_0}\"\n";
			showEnvVarsInLog = 0;
		};
/* End PBXShellScriptBuildPhase section */

/* Begin PBXSourcesBuildPhase section */
		872335F32A07A3FE008D1208 /* Sources */ = {
			isa = PBXSourcesBuildPhase;
			buildActionMask = 2147483647;
			files = (
				8723363A2A07A4CA008D1208 /* AppFonts.swift in Sources */,
				872335FD2A07A3FE008D1208 /* ContentView.swift in Sources */,
				872336372A07A4CA008D1208 /* String+Extension.swift in Sources */,
				872336382A07A4CA008D1208 /* View+Extension.swift in Sources */,
				872336392A07A4CA008D1208 /* Mirror.swift in Sources */,
				872336342A07A4CA008D1208 /* CustomErrors.swift in Sources */,
				872335FB2A07A3FE008D1208 /* TwitterCloneApp.swift in Sources */,
				872336352A07A4CA008D1208 /* NSDictionary+Extension.swift in Sources */,
				872336362A07A4CA008D1208 /* Double+Extension.swift in Sources */,
				872336322A07A4CA008D1208 /* Log.swift in Sources */,
				872336332A07A4CA008D1208 /* AppColors.swift in Sources */,
				872336312A07A4CA008D1208 /* Constants.swift in Sources */,
			);
			runOnlyForDeploymentPostprocessing = 0;
		};
		872336032A07A3FF008D1208 /* Sources */ = {
			isa = PBXSourcesBuildPhase;
			buildActionMask = 2147483647;
			files = (
				8723360C2A07A3FF008D1208 /* TwitterCloneTests.swift in Sources */,
			);
			runOnlyForDeploymentPostprocessing = 0;
		};
		8723360D2A07A3FF008D1208 /* Sources */ = {
			isa = PBXSourcesBuildPhase;
			buildActionMask = 2147483647;
			files = (
				872336182A07A3FF008D1208 /* TwitterCloneUITestsLaunchTests.swift in Sources */,
				872336162A07A3FF008D1208 /* TwitterCloneUITests.swift in Sources */,
			);
			runOnlyForDeploymentPostprocessing = 0;
		};
/* End PBXSourcesBuildPhase section */

/* Begin PBXTargetDependency section */
		872336092A07A3FF008D1208 /* PBXTargetDependency */ = {
			isa = PBXTargetDependency;
			target = 872335F62A07A3FE008D1208 /* TwitterClone */;
			targetProxy = 872336082A07A3FF008D1208 /* PBXContainerItemProxy */;
		};
		872336132A07A3FF008D1208 /* PBXTargetDependency */ = {
			isa = PBXTargetDependency;
			target = 872335F62A07A3FE008D1208 /* TwitterClone */;
			targetProxy = 872336122A07A3FF008D1208 /* PBXContainerItemProxy */;
		};
/* End PBXTargetDependency section */

/* Begin XCBuildConfiguration section */
		872336192A07A3FF008D1208 /* Debug */ = {
			isa = XCBuildConfiguration;
			buildSettings = {
				ALWAYS_SEARCH_USER_PATHS = NO;
				CLANG_ANALYZER_NONNULL = YES;
				CLANG_ANALYZER_NUMBER_OBJECT_CONVERSION = YES_AGGRESSIVE;
				CLANG_CXX_LANGUAGE_STANDARD = "gnu++20";
				CLANG_ENABLE_MODULES = YES;
				CLANG_ENABLE_OBJC_ARC = YES;
				CLANG_ENABLE_OBJC_WEAK = YES;
				CLANG_WARN_BLOCK_CAPTURE_AUTORELEASING = YES;
				CLANG_WARN_BOOL_CONVERSION = YES;
				CLANG_WARN_COMMA = YES;
				CLANG_WARN_CONSTANT_CONVERSION = YES;
				CLANG_WARN_DEPRECATED_OBJC_IMPLEMENTATIONS = YES;
				CLANG_WARN_DIRECT_OBJC_ISA_USAGE = YES_ERROR;
				CLANG_WARN_DOCUMENTATION_COMMENTS = YES;
				CLANG_WARN_EMPTY_BODY = YES;
				CLANG_WARN_ENUM_CONVERSION = YES;
				CLANG_WARN_INFINITE_RECURSION = YES;
				CLANG_WARN_INT_CONVERSION = YES;
				CLANG_WARN_NON_LITERAL_NULL_CONVERSION = YES;
				CLANG_WARN_OBJC_IMPLICIT_RETAIN_SELF = YES;
				CLANG_WARN_OBJC_LITERAL_CONVERSION = YES;
				CLANG_WARN_OBJC_ROOT_CLASS = YES_ERROR;
				CLANG_WARN_QUOTED_INCLUDE_IN_FRAMEWORK_HEADER = YES;
				CLANG_WARN_RANGE_LOOP_ANALYSIS = YES;
				CLANG_WARN_STRICT_PROTOTYPES = YES;
				CLANG_WARN_SUSPICIOUS_MOVE = YES;
				CLANG_WARN_UNGUARDED_AVAILABILITY = YES_AGGRESSIVE;
				CLANG_WARN_UNREACHABLE_CODE = YES;
				CLANG_WARN__DUPLICATE_METHOD_MATCH = YES;
				COPY_PHASE_STRIP = NO;
				DEBUG_INFORMATION_FORMAT = dwarf;
				ENABLE_STRICT_OBJC_MSGSEND = YES;
				ENABLE_TESTABILITY = YES;
				GCC_C_LANGUAGE_STANDARD = gnu11;
				GCC_DYNAMIC_NO_PIC = NO;
				GCC_NO_COMMON_BLOCKS = YES;
				GCC_OPTIMIZATION_LEVEL = 0;
				GCC_PREPROCESSOR_DEFINITIONS = (
					"DEBUG=1",
					"$(inherited)",
				);
				GCC_WARN_64_TO_32_BIT_CONVERSION = YES;
				GCC_WARN_ABOUT_RETURN_TYPE = YES_ERROR;
				GCC_WARN_UNDECLARED_SELECTOR = YES;
				GCC_WARN_UNINITIALIZED_AUTOS = YES_AGGRESSIVE;
				GCC_WARN_UNUSED_FUNCTION = YES;
				GCC_WARN_UNUSED_VARIABLE = YES;
				IPHONEOS_DEPLOYMENT_TARGET = 16.4;
				MTL_ENABLE_DEBUG_INFO = INCLUDE_SOURCE;
				MTL_FAST_MATH = YES;
				ONLY_ACTIVE_ARCH = YES;
				SDKROOT = iphoneos;
				SWIFT_ACTIVE_COMPILATION_CONDITIONS = DEBUG;
				SWIFT_OPTIMIZATION_LEVEL = "-Onone";
			};
			name = Debug;
		};
		8723361A2A07A3FF008D1208 /* Release */ = {
			isa = XCBuildConfiguration;
			buildSettings = {
				ALWAYS_SEARCH_USER_PATHS = NO;
				CLANG_ANALYZER_NONNULL = YES;
				CLANG_ANALYZER_NUMBER_OBJECT_CONVERSION = YES_AGGRESSIVE;
				CLANG_CXX_LANGUAGE_STANDARD = "gnu++20";
				CLANG_ENABLE_MODULES = YES;
				CLANG_ENABLE_OBJC_ARC = YES;
				CLANG_ENABLE_OBJC_WEAK = YES;
				CLANG_WARN_BLOCK_CAPTURE_AUTORELEASING = YES;
				CLANG_WARN_BOOL_CONVERSION = YES;
				CLANG_WARN_COMMA = YES;
				CLANG_WARN_CONSTANT_CONVERSION = YES;
				CLANG_WARN_DEPRECATED_OBJC_IMPLEMENTATIONS = YES;
				CLANG_WARN_DIRECT_OBJC_ISA_USAGE = YES_ERROR;
				CLANG_WARN_DOCUMENTATION_COMMENTS = YES;
				CLANG_WARN_EMPTY_BODY = YES;
				CLANG_WARN_ENUM_CONVERSION = YES;
				CLANG_WARN_INFINITE_RECURSION = YES;
				CLANG_WARN_INT_CONVERSION = YES;
				CLANG_WARN_NON_LITERAL_NULL_CONVERSION = YES;
				CLANG_WARN_OBJC_IMPLICIT_RETAIN_SELF = YES;
				CLANG_WARN_OBJC_LITERAL_CONVERSION = YES;
				CLANG_WARN_OBJC_ROOT_CLASS = YES_ERROR;
				CLANG_WARN_QUOTED_INCLUDE_IN_FRAMEWORK_HEADER = YES;
				CLANG_WARN_RANGE_LOOP_ANALYSIS = YES;
				CLANG_WARN_STRICT_PROTOTYPES = YES;
				CLANG_WARN_SUSPICIOUS_MOVE = YES;
				CLANG_WARN_UNGUARDED_AVAILABILITY = YES_AGGRESSIVE;
				CLANG_WARN_UNREACHABLE_CODE = YES;
				CLANG_WARN__DUPLICATE_METHOD_MATCH = YES;
				COPY_PHASE_STRIP = NO;
				DEBUG_INFORMATION_FORMAT = "dwarf-with-dsym";
				ENABLE_NS_ASSERTIONS = NO;
				ENABLE_STRICT_OBJC_MSGSEND = YES;
				GCC_C_LANGUAGE_STANDARD = gnu11;
				GCC_NO_COMMON_BLOCKS = YES;
				GCC_WARN_64_TO_32_BIT_CONVERSION = YES;
				GCC_WARN_ABOUT_RETURN_TYPE = YES_ERROR;
				GCC_WARN_UNDECLARED_SELECTOR = YES;
				GCC_WARN_UNINITIALIZED_AUTOS = YES_AGGRESSIVE;
				GCC_WARN_UNUSED_FUNCTION = YES;
				GCC_WARN_UNUSED_VARIABLE = YES;
				IPHONEOS_DEPLOYMENT_TARGET = 16.4;
				MTL_ENABLE_DEBUG_INFO = NO;
				MTL_FAST_MATH = YES;
				SDKROOT = iphoneos;
				SWIFT_COMPILATION_MODE = wholemodule;
				SWIFT_OPTIMIZATION_LEVEL = "-O";
				VALIDATE_PRODUCT = YES;
			};
			name = Release;
		};
		8723361C2A07A3FF008D1208 /* Debug */ = {
			isa = XCBuildConfiguration;
			baseConfigurationReference = F807ABD9A221681FAE5A5151 /* Pods-TwitterClone.debug.xcconfig */;
			buildSettings = {
				ASSETCATALOG_COMPILER_APPICON_NAME = AppIcon;
				ASSETCATALOG_COMPILER_GLOBAL_ACCENT_COLOR_NAME = AccentColor;
				CODE_SIGN_STYLE = Manual;
				CURRENT_PROJECT_VERSION = 1;
				DEVELOPMENT_ASSET_PATHS = "\"TwitterClone/Preview Content\"";
				DEVELOPMENT_TEAM = "";
				ENABLE_PREVIEWS = YES;
				GENERATE_INFOPLIST_FILE = YES;
				INFOPLIST_FILE = TwitterClone/Info.plist;
				INFOPLIST_KEY_UIApplicationSceneManifest_Generation = YES;
				INFOPLIST_KEY_UIApplicationSupportsIndirectInputEvents = YES;
				INFOPLIST_KEY_UILaunchScreen_Generation = YES;
				INFOPLIST_KEY_UISupportedInterfaceOrientations = UIInterfaceOrientationPortrait;
				INFOPLIST_KEY_UISupportedInterfaceOrientations_iPad = "UIInterfaceOrientationPortrait UIInterfaceOrientationPortraitUpsideDown";
				LD_RUNPATH_SEARCH_PATHS = (
					"$(inherited)",
					"@executable_path/Frameworks",
				);
				MARKETING_VERSION = 1.0;
				PRODUCT_BUNDLE_IDENTIFIER = hiren.TwitterClone;
				PRODUCT_NAME = "$(TARGET_NAME)";
				PROVISIONING_PROFILE_SPECIFIER = "";
				SWIFT_EMIT_LOC_STRINGS = YES;
				SWIFT_VERSION = 5.0;
				TARGETED_DEVICE_FAMILY = "1,2";
			};
			name = Debug;
		};
		8723361D2A07A3FF008D1208 /* Release */ = {
			isa = XCBuildConfiguration;
			baseConfigurationReference = 0B19AC2663B7FE9DAE05EABE /* Pods-TwitterClone.release.xcconfig */;
			buildSettings = {
				ASSETCATALOG_COMPILER_APPICON_NAME = AppIcon;
				ASSETCATALOG_COMPILER_GLOBAL_ACCENT_COLOR_NAME = AccentColor;
				CODE_SIGN_STYLE = Manual;
				CURRENT_PROJECT_VERSION = 1;
				DEVELOPMENT_ASSET_PATHS = "\"TwitterClone/Preview Content\"";
				DEVELOPMENT_TEAM = "";
				ENABLE_PREVIEWS = YES;
				GENERATE_INFOPLIST_FILE = YES;
				INFOPLIST_FILE = TwitterClone/Info.plist;
				INFOPLIST_KEY_UIApplicationSceneManifest_Generation = YES;
				INFOPLIST_KEY_UIApplicationSupportsIndirectInputEvents = YES;
				INFOPLIST_KEY_UILaunchScreen_Generation = YES;
				INFOPLIST_KEY_UISupportedInterfaceOrientations = UIInterfaceOrientationPortrait;
				INFOPLIST_KEY_UISupportedInterfaceOrientations_iPad = "UIInterfaceOrientationPortrait UIInterfaceOrientationPortraitUpsideDown";
				LD_RUNPATH_SEARCH_PATHS = (
					"$(inherited)",
					"@executable_path/Frameworks",
				);
				MARKETING_VERSION = 1.0;
				PRODUCT_BUNDLE_IDENTIFIER = hiren.TwitterClone;
				PRODUCT_NAME = "$(TARGET_NAME)";
				PROVISIONING_PROFILE_SPECIFIER = "";
				SWIFT_EMIT_LOC_STRINGS = YES;
				SWIFT_VERSION = 5.0;
				TARGETED_DEVICE_FAMILY = "1,2";
			};
			name = Release;
		};
		8723361F2A07A3FF008D1208 /* Debug */ = {
			isa = XCBuildConfiguration;
			baseConfigurationReference = 0163247956F7D44900D994FC /* Pods-TwitterCloneTests.debug.xcconfig */;
			buildSettings = {
				ALWAYS_EMBED_SWIFT_STANDARD_LIBRARIES = YES;
				BUNDLE_LOADER = "$(TEST_HOST)";
				CODE_SIGN_STYLE = Automatic;
				CURRENT_PROJECT_VERSION = 1;
				GENERATE_INFOPLIST_FILE = YES;
				IPHONEOS_DEPLOYMENT_TARGET = 16.4;
				MARKETING_VERSION = 1.0;
				PRODUCT_BUNDLE_IDENTIFIER = hiren.TwitterCloneTests;
				PRODUCT_NAME = "$(TARGET_NAME)";
				SWIFT_EMIT_LOC_STRINGS = NO;
				SWIFT_VERSION = 5.0;
				TARGETED_DEVICE_FAMILY = "1,2";
				TEST_HOST = "$(BUILT_PRODUCTS_DIR)/TwitterClone.app/$(BUNDLE_EXECUTABLE_FOLDER_PATH)/TwitterClone";
			};
			name = Debug;
		};
		872336202A07A3FF008D1208 /* Release */ = {
			isa = XCBuildConfiguration;
			baseConfigurationReference = 2673931CFA7011AB3B592BA3 /* Pods-TwitterCloneTests.release.xcconfig */;
			buildSettings = {
				ALWAYS_EMBED_SWIFT_STANDARD_LIBRARIES = YES;
				BUNDLE_LOADER = "$(TEST_HOST)";
				CODE_SIGN_STYLE = Automatic;
				CURRENT_PROJECT_VERSION = 1;
				GENERATE_INFOPLIST_FILE = YES;
				IPHONEOS_DEPLOYMENT_TARGET = 16.4;
				MARKETING_VERSION = 1.0;
				PRODUCT_BUNDLE_IDENTIFIER = hiren.TwitterCloneTests;
				PRODUCT_NAME = "$(TARGET_NAME)";
				SWIFT_EMIT_LOC_STRINGS = NO;
				SWIFT_VERSION = 5.0;
				TARGETED_DEVICE_FAMILY = "1,2";
				TEST_HOST = "$(BUILT_PRODUCTS_DIR)/TwitterClone.app/$(BUNDLE_EXECUTABLE_FOLDER_PATH)/TwitterClone";
			};
			name = Release;
		};
		872336222A07A3FF008D1208 /* Debug */ = {
			isa = XCBuildConfiguration;
			baseConfigurationReference = 9B0BBBB3FE4DB7605246E87D /* Pods-TwitterClone-TwitterCloneUITests.debug.xcconfig */;
			buildSettings = {
				ALWAYS_EMBED_SWIFT_STANDARD_LIBRARIES = YES;
				CODE_SIGN_STYLE = Automatic;
				CURRENT_PROJECT_VERSION = 1;
				GENERATE_INFOPLIST_FILE = YES;
				MARKETING_VERSION = 1.0;
				PRODUCT_BUNDLE_IDENTIFIER = hiren.TwitterCloneUITests;
				PRODUCT_NAME = "$(TARGET_NAME)";
				SWIFT_EMIT_LOC_STRINGS = NO;
				SWIFT_VERSION = 5.0;
				TARGETED_DEVICE_FAMILY = "1,2";
				TEST_TARGET_NAME = TwitterClone;
			};
			name = Debug;
		};
		872336232A07A3FF008D1208 /* Release */ = {
			isa = XCBuildConfiguration;
			baseConfigurationReference = 6D28A7E41D5FFAFCC949ECA9 /* Pods-TwitterClone-TwitterCloneUITests.release.xcconfig */;
			buildSettings = {
				ALWAYS_EMBED_SWIFT_STANDARD_LIBRARIES = YES;
				CODE_SIGN_STYLE = Automatic;
				CURRENT_PROJECT_VERSION = 1;
				GENERATE_INFOPLIST_FILE = YES;
				MARKETING_VERSION = 1.0;
				PRODUCT_BUNDLE_IDENTIFIER = hiren.TwitterCloneUITests;
				PRODUCT_NAME = "$(TARGET_NAME)";
				SWIFT_EMIT_LOC_STRINGS = NO;
				SWIFT_VERSION = 5.0;
				TARGETED_DEVICE_FAMILY = "1,2";
				TEST_TARGET_NAME = TwitterClone;
			};
			name = Release;
		};
/* End XCBuildConfiguration section */

/* Begin XCConfigurationList section */
		872335F22A07A3FE008D1208 /* Build configuration list for PBXProject "TwitterClone" */ = {
			isa = XCConfigurationList;
			buildConfigurations = (
				872336192A07A3FF008D1208 /* Debug */,
				8723361A2A07A3FF008D1208 /* Release */,
			);
			defaultConfigurationIsVisible = 0;
			defaultConfigurationName = Release;
		};
		8723361B2A07A3FF008D1208 /* Build configuration list for PBXNativeTarget "TwitterClone" */ = {
			isa = XCConfigurationList;
			buildConfigurations = (
				8723361C2A07A3FF008D1208 /* Debug */,
				8723361D2A07A3FF008D1208 /* Release */,
			);
			defaultConfigurationIsVisible = 0;
			defaultConfigurationName = Release;
		};
		8723361E2A07A3FF008D1208 /* Build configuration list for PBXNativeTarget "TwitterCloneTests" */ = {
			isa = XCConfigurationList;
			buildConfigurations = (
				8723361F2A07A3FF008D1208 /* Debug */,
				872336202A07A3FF008D1208 /* Release */,
			);
			defaultConfigurationIsVisible = 0;
			defaultConfigurationName = Release;
		};
		872336212A07A3FF008D1208 /* Build configuration list for PBXNativeTarget "TwitterCloneUITests" */ = {
			isa = XCConfigurationList;
			buildConfigurations = (
				872336222A07A3FF008D1208 /* Debug */,
				872336232A07A3FF008D1208 /* Release */,
			);
			defaultConfigurationIsVisible = 0;
			defaultConfigurationName = Release;
		};
/* End XCConfigurationList section */
	};
	rootObject = 872335EF2A07A3FE008D1208 /* Project object */;
}
